
Microsoft Visual Studio Solution File, Format Version 12.00
# Visual Studio 15
VisualStudioVersion = 15.0.26124.0
MinimumVisualStudioVersion = 15.0.26124.0
Project("{FAE04EC0-301F-11D3-BF4B-00C04F79EFBC}") = "GameTOP", "GameTOP\GameTOP.csproj", "{FD21888B-CC2F-4DE8-B4A1-BF1CA28121C5}"
EndProject
Project("{FAE04EC0-301F-11D3-BF4B-00C04F79EFBC}") = "GameTOP.Interfaces", "GameTOP.Interfaces\GameTOP.Interfaces.csproj", "{AC85F807-2EB7-4B51-B77F-3E26906A7C16}"
EndProject
Project("{FAE04EC0-301F-11D3-BF4B-00C04F79EFBC}") = "GameTOP.Lib", "GameTOP.Lib\GameTOP.Lib.csproj", "{C3B89E73-67D1-4EF1-822C-94E74826B76F}"
EndProject
Global
	GlobalSection(SolutionConfigurationPlatforms) = preSolution
		Debug|Any CPU = Debug|Any CPU
		Debug|x64 = Debug|x64
		Debug|x86 = Debug|x86
		Release|Any CPU = Release|Any CPU
		Release|x64 = Release|x64
		Release|x86 = Release|x86
	EndGlobalSection
	GlobalSection(SolutionProperties) = preSolution
		HideSolutionNode = FALSE
	EndGlobalSection
	GlobalSection(ProjectConfigurationPlatforms) = postSolution
		{FD21888B-CC2F-4DE8-B4A1-BF1CA28121C5}.Debug|Any CPU.ActiveCfg = Debug|Any CPU
		{FD21888B-CC2F-4DE8-B4A1-BF1CA28121C5}.Debug|Any CPU.Build.0 = Debug|Any CPU
		{FD21888B-CC2F-4DE8-B4A1-BF1CA28121C5}.Debug|x64.ActiveCfg = Debug|Any CPU
		{FD21888B-CC2F-4DE8-B4A1-BF1CA28121C5}.Debug|x64.Build.0 = Debug|Any CPU
		{FD21888B-CC2F-4DE8-B4A1-BF1CA28121C5}.Debug|x86.ActiveCfg = Debug|Any CPU
		{FD21888B-CC2F-4DE8-B4A1-BF1CA28121C5}.Debug|x86.Build.0 = Debug|Any CPU
		{FD21888B-CC2F-4DE8-B4A1-BF1CA28121C5}.Release|Any CPU.ActiveCfg = Release|Any CPU
		{FD21888B-CC2F-4DE8-B4A1-BF1CA28121C5}.Release|Any CPU.Build.0 = Release|Any CPU
		{FD21888B-CC2F-4DE8-B4A1-BF1CA28121C5}.Release|x64.ActiveCfg = Release|Any CPU
		{FD21888B-CC2F-4DE8-B4A1-BF1CA28121C5}.Release|x64.Build.0 = Release|Any CPU
		{FD21888B-CC2F-4DE8-B4A1-BF1CA28121C5}.Release|x86.ActiveCfg = Release|Any CPU
		{FD21888B-CC2F-4DE8-B4A1-BF1CA28121C5}.Release|x86.Build.0 = Release|Any CPU
		{AC85F807-2EB7-4B51-B77F-3E26906A7C16}.Debug|Any CPU.ActiveCfg = Debug|Any CPU
		{AC85F807-2EB7-4B51-B77F-3E26906A7C16}.Debug|Any CPU.Build.0 = Debug|Any CPU
		{AC85F807-2EB7-4B51-B77F-3E26906A7C16}.Debug|x64.ActiveCfg = Debug|Any CPU
		{AC85F807-2EB7-4B51-B77F-3E26906A7C16}.Debug|x64.Build.0 = Debug|Any CPU
		{AC85F807-2EB7-4B51-B77F-3E26906A7C16}.Debug|x86.ActiveCfg = Debug|Any CPU
		{AC85F807-2EB7-4B51-B77F-3E26906A7C16}.Debug|x86.Build.0 = Debug|Any CPU
		{AC85F807-2EB7-4B51-B77F-3E26906A7C16}.Release|Any CPU.ActiveCfg = Release|Any CPU
		{AC85F807-2EB7-4B51-B77F-3E26906A7C16}.Release|Any CPU.Build.0 = Release|Any CPU
		{AC85F807-2EB7-4B51-B77F-3E26906A7C16}.Release|x64.ActiveCfg = Release|Any CPU
		{AC85F807-2EB7-4B51-B77F-3E26906A7C16}.Release|x64.Build.0 = Release|Any CPU
		{AC85F807-2EB7-4B51-B77F-3E26906A7C16}.Release|x86.ActiveCfg = Release|Any CPU
		{AC85F807-2EB7-4B51-B77F-3E26906A7C16}.Release|x86.Build.0 = Release|Any CPU
		{C3B89E73-67D1-4EF1-822C-94E74826B76F}.Debug|Any CPU.ActiveCfg = Debug|Any CPU
		{C3B89E73-67D1-4EF1-822C-94E74826B76F}.Debug|Any CPU.Build.0 = Debug|Any CPU
		{C3B89E73-67D1-4EF1-822C-94E74826B76F}.Debug|x64.ActiveCfg = Debug|Any CPU
		{C3B89E73-67D1-4EF1-822C-94E74826B76F}.Debug|x64.Build.0 = Debug|Any CPU
		{C3B89E73-67D1-4EF1-822C-94E74826B76F}.Debug|x86.ActiveCfg = Debug|Any CPU
		{C3B89E73-67D1-4EF1-822C-94E74826B76F}.Debug|x86.Build.0 = Debug|Any CPU
		{C3B89E73-67D1-4EF1-822C-94E74826B76F}.Release|Any CPU.ActiveCfg = Release|Any CPU
		{C3B89E73-67D1-4EF1-822C-94E74826B76F}.Release|Any CPU.Build.0 = Release|Any CPU
		{C3B89E73-67D1-4EF1-822C-94E74826B76F}.Release|x64.ActiveCfg = Release|Any CPU
		{C3B89E73-67D1-4EF1-822C-94E74826B76F}.Release|x64.Build.0 = Release|Any CPU
		{C3B89E73-67D1-4EF1-822C-94E74826B76F}.Release|x86.ActiveCfg = Release|Any CPU
		{C3B89E73-67D1-4EF1-822C-94E74826B76F}.Release|x86.Build.0 = Release|Any CPU
	EndGlobalSection
EndGlobal
